<?xml version="1.0" encoding="utf-8"?>
<Project ToolsVersion="4.0" xmlns="http://schemas.microsoft.com/developer/msbuild/2003">
  <ItemGroup>
    <Filter Include="源文件">
      <UniqueIdentifier>{4FC737F1-C7A5-4376-A066-2A32D752A2FF}</UniqueIdentifier>
      <Extensions>cpp;c;cc;cxx;def;odl;idl;hpj;bat;asm;asmx</Extensions>
    </Filter>
    <Filter Include="头文件">
      <UniqueIdentifier>{93995380-89BD-4b04-88EB-625FBE52EBFB}</UniqueIdentifier>
      <Extensions>h;hpp;hxx;hm;inl;inc;xsd</Extensions>
    </Filter>
    <Filter Include="资源文件">
      <UniqueIdentifier>{67DA6AB6-F800-4c08-8B7A-83BB121AAD01}</UniqueIdentifier>
      <Extensions>rc;ico;cur;bmp;dlg;rc2;rct;bin;rgs;gif;jpg;jpeg;jpe;resx;tiff;tif;png;wav;mfcribbon-ms</Extensions>
    </Filter>
    <Filter Include="源文件\glb">
      <UniqueIdentifier>{6fc6314a-33d9-4920-accf-def234c0d03f}</UniqueIdentifier>
    </Filter>
    <Filter Include="源文件\glb\math">
      <UniqueIdentifier>{87ab3274-49c6-43ee-8d7a-3eebf68e2d3b}</UniqueIdentifier>
    </Filter>
    <Filter Include="源文件\glb\render">
      <UniqueIdentifier>{d195c021-7770-437e-9829-c36dd77e5c6c}</UniqueIdentifier>
    </Filter>
    <Filter Include="源文件\glb\scene">
      <UniqueIdentifier>{b5c121da-f103-4e24-90ea-922f52439b54}</UniqueIdentifier>
    </Filter>
    <Filter Include="源文件\glb\util">
      <UniqueIdentifier>{f1437d5d-4fd9-4ea4-8f41-2ffe274fc670}</UniqueIdentifier>
    </Filter>
    <Filter Include="源文件\glb\render\imp">
      <UniqueIdentifier>{0e420bb3-eab0-43f4-b724-815276718153}</UniqueIdentifier>
    </Filter>
    <Filter Include="源文件\glb\render\imp\gl">
      <UniqueIdentifier>{e923ceb6-200c-42c9-9601-f399f4496502}</UniqueIdentifier>
    </Filter>
    <Filter Include="源文件\glb\render\imp\dx11">
      <UniqueIdentifier>{14b2f962-ee90-475e-926a-677856014664}</UniqueIdentifier>
    </Filter>
    <Filter Include="源文件\glb\thirdparty">
      <UniqueIdentifier>{383799ff-8e33-4037-a46d-976c1bb10210}</UniqueIdentifier>
    </Filter>
    <Filter Include="源文件\glb\thirdparty\stb_image">
      <UniqueIdentifier>{bc4bb1ea-44e3-4cbb-ac92-9ff8859d25a3}</UniqueIdentifier>
    </Filter>
  </ItemGroup>
  <ItemGroup>
    <ClCompile Include="..\glb\comm.cpp">
      <Filter>源文件\glb</Filter>
    </ClCompile>
    <ClCompile Include="..\glb\glbapplication.cpp">
      <Filter>源文件\glb</Filter>
    </ClCompile>
    <ClCompile Include="..\glb\glbeditorcomm.cpp">
      <Filter>源文件\glb</Filter>
    </ClCompile>
    <ClCompile Include="..\glb\glbinput.cpp">
      <Filter>源文件\glb</Filter>
    </ClCompile>
    <ClCompile Include="..\glb\math\glbbv.cpp">
      <Filter>源文件\glb\math</Filter>
    </ClCompile>
    <ClCompile Include="..\glb\math\glbmath.cpp">
      <Filter>源文件\glb\math</Filter>
    </ClCompile>
    <ClCompile Include="..\glb\util\glbprofile.cpp">
      <Filter>源文件\glb\util</Filter>
    </ClCompile>
    <ClCompile Include="..\glb\util\glblog.cpp">
      <Filter>源文件\glb\util</Filter>
    </ClCompile>
    <ClCompile Include="..\glb\util\glbtexturereader.cpp">
      <Filter>源文件\glb\util</Filter>
    </ClCompile>
    <ClCompile Include="..\glb\util\glbtexturewriter.cpp">
      <Filter>源文件\glb\util</Filter>
    </ClCompile>
    <ClCompile Include="..\glb\util\glbutil.cpp">
      <Filter>源文件\glb\util</Filter>
    </ClCompile>
    <ClCompile Include="..\glb\scene\glbcamera.cpp">
      <Filter>源文件\glb\scene</Filter>
    </ClCompile>
    <ClCompile Include="..\glb\scene\glbmodel.cpp">
      <Filter>源文件\glb\scene</Filter>
    </ClCompile>
    <ClCompile Include="..\glb\scene\glbmodelfile.cpp">
      <Filter>源文件\glb\scene</Filter>
    </ClCompile>
    <ClCompile Include="..\glb\scene\glbobject.cpp">
      <Filter>源文件\glb\scene</Filter>
    </ClCompile>
    <ClCompile Include="..\glb\scene\glbscene.cpp">
      <Filter>源文件\glb\scene</Filter>
    </ClCompile>
    <ClCompile Include="..\glb\render\glbmaterial.cpp">
      <Filter>源文件\glb\render</Filter>
    </ClCompile>
    <ClCompile Include="..\glb\render\glbmesh.cpp">
      <Filter>源文件\glb\render</Filter>
    </ClCompile>
    <ClCompile Include="..\glb\render\glbrender.cpp">
      <Filter>源文件\glb\render</Filter>
    </ClCompile>
    <ClCompile Include="..\glb\render\glbrenderdevice.cpp">
      <Filter>源文件\glb\render</Filter>
    </ClCompile>
    <ClCompile Include="..\glb\render\glbrendertarget.cpp">
      <Filter>源文件\glb\render</Filter>
    </ClCompile>
    <ClCompile Include="..\glb\render\glbshader.cpp">
      <Filter>源文件\glb\render</Filter>
    </ClCompile>
    <ClCompile Include="..\glb\render\glbtexture.cpp">
      <Filter>源文件\glb\render</Filter>
    </ClCompile>
    <ClCompile Include="..\glb\render\glbuniform.cpp">
      <Filter>源文件\glb\render</Filter>
    </ClCompile>
    <ClCompile Include="..\glb\render\imp\gl\glbmeshimp.cpp">
      <Filter>源文件\glb\render\imp\gl</Filter>
    </ClCompile>
    <ClCompile Include="..\glb\render\imp\gl\glbrenderdeivceimp.cpp">
      <Filter>源文件\glb\render\imp\gl</Filter>
    </ClCompile>
    <ClCompile Include="..\glb\render\imp\gl\glbrendertargetimp.cpp">
      <Filter>源文件\glb\render\imp\gl</Filter>
    </ClCompile>
    <ClCompile Include="..\glb\render\imp\gl\glbshaderimp.cpp">
      <Filter>源文件\glb\render\imp\gl</Filter>
    </ClCompile>
    <ClCompile Include="..\glb\render\imp\gl\glbtextureimp.cpp">
      <Filter>源文件\glb\render\imp\gl</Filter>
    </ClCompile>
    <ClCompile Include="..\glb\render\imp\dx11\glbmeshimp.cpp">
      <Filter>源文件\glb\render\imp\dx11</Filter>
    </ClCompile>
    <ClCompile Include="..\glb\render\imp\dx11\glbrenderdeviceimp.cpp">
      <Filter>源文件\glb\render\imp\dx11</Filter>
    </ClCompile>
    <ClCompile Include="..\glb\render\imp\dx11\glbrendertargetimp.cpp">
      <Filter>源文件\glb\render\imp\dx11</Filter>
    </ClCompile>
    <ClCompile Include="..\glb\render\imp\dx11\glbshaderimp.cpp">
      <Filter>源文件\glb\render\imp\dx11</Filter>
    </ClCompile>
    <ClCompile Include="..\glb\render\imp\dx11\glbtextureimp.cpp">
      <Filter>源文件\glb\render\imp\dx11</Filter>
    </ClCompile>
    <ClCompile Include="glb_ibl_diffuse.cpp">
      <Filter>源文件</Filter>
    </ClCompile>
  </ItemGroup>
  <ItemGroup>
    <ClInclude Include="..\glb\comm.h">
      <Filter>源文件\glb</Filter>
    </ClInclude>
    <ClInclude Include="..\glb\glb.h">
      <Filter>源文件\glb</Filter>
    </ClInclude>
    <ClInclude Include="..\glb\glbapplication.h">
      <Filter>源文件\glb</Filter>
    </ClInclude>
    <ClInclude Include="..\glb\glbcomm.h">
      <Filter>源文件\glb</Filter>
    </ClInclude>
    <ClInclude Include="..\glb\glbeditorcomm.h">
      <Filter>源文件\glb</Filter>
    </ClInclude>
    <ClInclude Include="..\glb\glbinput.h">
      <Filter>源文件\glb</Filter>
    </ClInclude>
    <ClInclude Include="..\glb\math\glbbv.h">
      <Filter>源文件\glb\math</Filter>
    </ClInclude>
    <ClInclude Include="..\glb\math\glbmath.h">
      <Filter>源文件\glb\math</Filter>
    </ClInclude>
    <ClInclude Include="..\glb\math\glbmatrix.cpp.h">
      <Filter>源文件\glb\math</Filter>
    </ClInclude>
    <ClInclude Include="..\glb\math\glbmatrix.h">
      <Filter>源文件\glb\math</Filter>
    </ClInclude>
    <ClInclude Include="..\glb\math\glbvector.h">
      <Filter>源文件\glb\math</Filter>
    </ClInclude>
    <ClInclude Include="..\glb\util\glbddsformat.h">
      <Filter>源文件\glb\util</Filter>
    </ClInclude>
    <ClInclude Include="..\glb\util\glblog.h">
      <Filter>源文件\glb\util</Filter>
    </ClInclude>
    <ClInclude Include="..\glb\util\glbmacro.h">
      <Filter>源文件\glb\util</Filter>
    </ClInclude>
    <ClInclude Include="..\glb\util\glbprofile.h">
      <Filter>源文件\glb\util</Filter>
    </ClInclude>
    <ClInclude Include="..\glb\util\glbtextureinfo.h">
      <Filter>源文件\glb\util</Filter>
    </ClInclude>
    <ClInclude Include="..\glb\util\glbtexturereader.h">
      <Filter>源文件\glb\util</Filter>
    </ClInclude>
    <ClInclude Include="..\glb\util\glbtexturewriter.h">
      <Filter>源文件\glb\util</Filter>
    </ClInclude>
    <ClInclude Include="..\glb\util\glbutil.h">
      <Filter>源文件\glb\util</Filter>
    </ClInclude>
    <ClInclude Include="..\glb\scene\glbmodel.h">
      <Filter>源文件\glb\scene</Filter>
    </ClInclude>
    <ClInclude Include="..\glb\scene\glbcamera.h">
      <Filter>源文件\glb\scene</Filter>
    </ClInclude>
    <ClInclude Include="..\glb\scene\glblight.h">
      <Filter>源文件\glb\scene</Filter>
    </ClInclude>
    <ClInclude Include="..\glb\scene\glbmodelfile.h">
      <Filter>源文件\glb\scene</Filter>
    </ClInclude>
    <ClInclude Include="..\glb\scene\glbobject.h">
      <Filter>源文件\glb\scene</Filter>
    </ClInclude>
    <ClInclude Include="..\glb\scene\glbscene.h">
      <Filter>源文件\glb\scene</Filter>
    </ClInclude>
    <ClInclude Include="..\glb\render\glbmaterial.h">
      <Filter>源文件\glb\render</Filter>
    </ClInclude>
    <ClInclude Include="..\glb\render\glbmesh.h">
      <Filter>源文件\glb\render</Filter>
    </ClInclude>
    <ClInclude Include="..\glb\render\glbrender.h">
      <Filter>源文件\glb\render</Filter>
    </ClInclude>
    <ClInclude Include="..\glb\render\glbrenderdevice.h">
      <Filter>源文件\glb\render</Filter>
    </ClInclude>
    <ClInclude Include="..\glb\render\glbrendertarget.h">
      <Filter>源文件\glb\render</Filter>
    </ClInclude>
    <ClInclude Include="..\glb\render\glbshader.h">
      <Filter>源文件\glb\render</Filter>
    </ClInclude>
    <ClInclude Include="..\glb\render\glbstructs.h">
      <Filter>源文件\glb\render</Filter>
    </ClInclude>
    <ClInclude Include="..\glb\render\glbtexture.h">
      <Filter>源文件\glb\render</Filter>
    </ClInclude>
    <ClInclude Include="..\glb\render\glbuniform.h">
      <Filter>源文件\glb\render</Filter>
    </ClInclude>
    <ClInclude Include="..\glb\render\imp\gl\glbmeshimp.h">
      <Filter>源文件\glb\render\imp\gl</Filter>
    </ClInclude>
    <ClInclude Include="..\glb\render\imp\gl\glbrenderdeviceimp.h">
      <Filter>源文件\glb\render\imp\gl</Filter>
    </ClInclude>
    <ClInclude Include="..\glb\render\imp\gl\glbrendertargetimp.h">
      <Filter>源文件\glb\render\imp\gl</Filter>
    </ClInclude>
    <ClInclude Include="..\glb\render\imp\gl\glbshaderimp.h">
      <Filter>源文件\glb\render\imp\gl</Filter>
    </ClInclude>
    <ClInclude Include="..\glb\render\imp\gl\glbtextureimp.h">
      <Filter>源文件\glb\render\imp\gl</Filter>
    </ClInclude>
    <ClInclude Include="..\glb\render\imp\dx11\glbmeshimp.h">
      <Filter>源文件\glb\render\imp\dx11</Filter>
    </ClInclude>
    <ClInclude Include="..\glb\render\imp\dx11\glbrenderdeviceimp.h">
      <Filter>源文件\glb\render\imp\dx11</Filter>
    </ClInclude>
    <ClInclude Include="..\glb\render\imp\dx11\glbrendertargetimp.h">
      <Filter>源文件\glb\render\imp\dx11</Filter>
    </ClInclude>
    <ClInclude Include="..\glb\render\imp\dx11\glbshaderimp.h">
      <Filter>源文件\glb\render\imp\dx11</Filter>
    </ClInclude>
    <ClInclude Include="..\glb\render\imp\dx11\glbtextureimp.h">
      <Filter>源文件\glb\render\imp\dx11</Filter>
    </ClInclude>
    <ClInclude Include="glb_ibl_diffuse.h">
      <Filter>源文件</Filter>
    </ClInclude>
    <ClInclude Include="resource.h">
      <Filter>头文件</Filter>
    </ClInclude>
    <ClInclude Include="..\glb\thirdparty\stb_image\std_image.h">
      <Filter>源文件\glb\thirdparty\stb_image</Filter>
    </ClInclude>
  </ItemGroup>
  <ItemGroup>
    <None Include="..\glb\math\glbvector.inl">
      <Filter>源文件\glb\math</Filter>
    </None>
  </ItemGroup>
  <ItemGroup>
    <ResourceCompile Include="glb_ibl_diffuse.rc">
      <Filter>资源文件</Filter>
    </ResourceCompile>
  </ItemGroup>
  <ItemGroup>
    <Image Include="res\glb.ico">
      <Filter>资源文件</Filter>
    </Image>
  </ItemGroup>
</Project>