
Microsoft Visual Studio Solution File, Format Version 12.00
# Visual Studio 2012
Project("{8BC9CEB8-8B4A-11D0-8D11-00A0C91BC942}") = "glb_shadowmap", "glb_shadowmap\glb_shadowmap.vcxproj", "{9705D998-B325-44E4-9F21-A84A69D5B91A}"
EndProject
Project("{8BC9CEB8-8B4A-11D0-8D11-00A0C91BC942}") = "glb_hdr", "glb_hdr\glb_hdr.vcxproj", "{299C4407-9712-4EFC-B719-9E2BC47FD813}"
EndProject
Project("{8BC9CEB8-8B4A-11D0-8D11-00A0C91BC942}") = "glb_ssao", "glb_ssao\glb_ssao.vcxproj", "{DBB28A77-E189-417F-8FAC-85D7DCB090C1}"
EndProject
Project("{8BC9CEB8-8B4A-11D0-8D11-00A0C91BC942}") = "glb_normalmap", "glb_normalmap\glb_normalmap.vcxproj", "{4564E98D-36C0-4F4C-B36F-39F49E26ED95}"
EndProject
Project("{8BC9CEB8-8B4A-11D0-8D11-00A0C91BC942}") = "glb_tbn_gen", "glb_tbn_gen\glb_tbn_gen.vcxproj", "{01C08B1F-E1B9-4A2A-A37A-92DD9B936FE6}"
EndProject
Project("{8BC9CEB8-8B4A-11D0-8D11-00A0C91BC942}") = "glb_application", "glb_application\glb_application.vcxproj", "{ED319EEF-30DB-4D04-A386-980E2FD0DC0F}"
EndProject
Project("{8BC9CEB8-8B4A-11D0-8D11-00A0C91BC942}") = "glb_environmentmap", "glb_environmentmap\glb_environmentmap.vcxproj", "{699116E6-0BAA-419A-8DAF-0DA3DA9DC0B6}"
EndProject
Project("{8BC9CEB8-8B4A-11D0-8D11-00A0C91BC942}") = "glb_altar", "glb_altar\glb_altar.vcxproj", "{73469687-3E35-4CC5-AB00-4E0A2FB73511}"
EndProject
Project("{2150E333-8FDC-42A3-9474-1A3956D46DE8}") = "Demo", "Demo", "{16ADEDEB-D70B-4890-95B9-E7FA4A1C88A2}"
EndProject
Project("{2150E333-8FDC-42A3-9474-1A3956D46DE8}") = "Feature", "Feature", "{12123EF4-788B-4CF1-BF0E-93E7C7D8B458}"
EndProject
Project("{2150E333-8FDC-42A3-9474-1A3956D46DE8}") = "Tool", "Tool", "{B4B50E5E-D3E8-4480-96F7-757E9FB66C38}"
EndProject
Project("{8BC9CEB8-8B4A-11D0-8D11-00A0C91BC942}") = "glb_pssm", "glb_pssm\glb_pssm.vcxproj", "{155D51A9-C9EC-407A-B8FB-98F2489A5168}"
EndProject
Project("{8BC9CEB8-8B4A-11D0-8D11-00A0C91BC942}") = "glb_input", "glb_input\glb_input.vcxproj", "{A30415ED-493F-42B3-A533-E36AFF3E6F5D}"
EndProject
Project("{8BC9CEB8-8B4A-11D0-8D11-00A0C91BC942}") = "glb_td", "glb_td\glb_td.vcxproj", "{48D38192-91B9-47AE-B40E-E391F1CC5D0C}"
EndProject
Project("{8BC9CEB8-8B4A-11D0-8D11-00A0C91BC942}") = "glb_pbs", "glb_pbs\glb_pbs.vcxproj", "{56BD5418-1E46-4A5E-8C64-B2D39F6AFE67}"
EndProject
Project("{8BC9CEB8-8B4A-11D0-8D11-00A0C91BC942}") = "glb_dds", "glb_dds\glb_dds.vcxproj", "{A1A325FA-35D2-4771-93DD-CCD65DF29D09}"
EndProject
Project("{8BC9CEB8-8B4A-11D0-8D11-00A0C91BC942}") = "glb_equirectangularmap", "glb_equirectangularmap\glb_equirectangularmap.vcxproj", "{BF7AC655-5434-46D7-ADF5-C57688E0164B}"
EndProject
Project("{8BC9CEB8-8B4A-11D0-8D11-00A0C91BC942}") = "glb_ibl_diffuse", "glb_ibl_diffuse\glb_ibl_diffuse.vcxproj", "{ADED3C05-F8E2-40A6-93D9-D694773040F7}"
EndProject
Project("{8BC9CEB8-8B4A-11D0-8D11-00A0C91BC942}") = "glb_ibl_specular_bruteforce", "glb_ibl_specular_bruteforce\glb_ibl_specular_bruteforce.vcxproj", "{AC44A9D9-DDFD-467A-B801-9124867CB729}"
EndProject
Project("{8BC9CEB8-8B4A-11D0-8D11-00A0C91BC942}") = "glb_ibl_specular_epic", "glb_ibl_specular_epic\glb_ibl_specular_epic.vcxproj", "{EAA68270-35BE-4BF1-8066-79D678D26A23}"
EndProject
Project("{8BC9CEB8-8B4A-11D0-8D11-00A0C91BC942}") = "glb_lightmapper", "glb_lightmapper\glb_lightmapper.vcxproj", "{2A23387B-2C73-49C4-9F3A-9BA3580E1DC6}"
EndProject
Project("{8BC9CEB8-8B4A-11D0-8D11-00A0C91BC942}") = "glb_rnm", "glb_rnm\glb_rnm.vcxproj", "{BFC46FA2-3EBD-44AA-AF3E-4876153E7295}"
EndProject
Project("{8BC9CEB8-8B4A-11D0-8D11-00A0C91BC942}") = "glb_pbs_texture", "glb_pbs_texture\glb_pbs_texture.vcxproj", "{1159BEE1-7592-46A6-ACC9-F1FDB6056629}"
EndProject
Project("{8BC9CEB8-8B4A-11D0-8D11-00A0C91BC942}") = "glb_prefilter", "glb_prefilter\glb_prefilter.vcxproj", "{C26BDCE7-0665-4CAB-BC4F-FE91E4432182}"
EndProject
Global
	GlobalSection(SolutionConfigurationPlatforms) = preSolution
		Debug_DX|Win32 = Debug_DX|Win32
		Debug_GL|Win32 = Debug_GL|Win32
		Debug|Win32 = Debug|Win32
		Release_DX|Win32 = Release_DX|Win32
		Release_GL|Win32 = Release_GL|Win32
		Release|Win32 = Release|Win32
	EndGlobalSection
	GlobalSection(ProjectConfigurationPlatforms) = postSolution
		{9705D998-B325-44E4-9F21-A84A69D5B91A}.Debug_DX|Win32.ActiveCfg = Debug_DX|Win32
		{9705D998-B325-44E4-9F21-A84A69D5B91A}.Debug_DX|Win32.Build.0 = Debug_DX|Win32
		{9705D998-B325-44E4-9F21-A84A69D5B91A}.Debug_GL|Win32.ActiveCfg = Debug_GL|Win32
		{9705D998-B325-44E4-9F21-A84A69D5B91A}.Debug_GL|Win32.Build.0 = Debug_GL|Win32
		{9705D998-B325-44E4-9F21-A84A69D5B91A}.Debug|Win32.ActiveCfg = Debug_GL|Win32
		{9705D998-B325-44E4-9F21-A84A69D5B91A}.Debug|Win32.Build.0 = Debug_GL|Win32
		{9705D998-B325-44E4-9F21-A84A69D5B91A}.Release_DX|Win32.ActiveCfg = Release_DX|Win32
		{9705D998-B325-44E4-9F21-A84A69D5B91A}.Release_DX|Win32.Build.0 = Release_DX|Win32
		{9705D998-B325-44E4-9F21-A84A69D5B91A}.Release_GL|Win32.ActiveCfg = Release_GL|Win32
		{9705D998-B325-44E4-9F21-A84A69D5B91A}.Release_GL|Win32.Build.0 = Release_GL|Win32
		{9705D998-B325-44E4-9F21-A84A69D5B91A}.Release|Win32.ActiveCfg = Release_GL|Win32
		{9705D998-B325-44E4-9F21-A84A69D5B91A}.Release|Win32.Build.0 = Release_GL|Win32
		{299C4407-9712-4EFC-B719-9E2BC47FD813}.Debug_DX|Win32.ActiveCfg = Debug_DX|Win32
		{299C4407-9712-4EFC-B719-9E2BC47FD813}.Debug_DX|Win32.Build.0 = Debug_DX|Win32
		{299C4407-9712-4EFC-B719-9E2BC47FD813}.Debug_GL|Win32.ActiveCfg = Debug_GL|Win32
		{299C4407-9712-4EFC-B719-9E2BC47FD813}.Debug_GL|Win32.Build.0 = Debug_GL|Win32
		{299C4407-9712-4EFC-B719-9E2BC47FD813}.Debug|Win32.ActiveCfg = Debug_GL|Win32
		{299C4407-9712-4EFC-B719-9E2BC47FD813}.Debug|Win32.Build.0 = Debug_GL|Win32
		{299C4407-9712-4EFC-B719-9E2BC47FD813}.Release_DX|Win32.ActiveCfg = Release_DX|Win32
		{299C4407-9712-4EFC-B719-9E2BC47FD813}.Release_DX|Win32.Build.0 = Release_DX|Win32
		{299C4407-9712-4EFC-B719-9E2BC47FD813}.Release_GL|Win32.ActiveCfg = Release_GL|Win32
		{299C4407-9712-4EFC-B719-9E2BC47FD813}.Release_GL|Win32.Build.0 = Release_GL|Win32
		{299C4407-9712-4EFC-B719-9E2BC47FD813}.Release|Win32.ActiveCfg = Release_GL|Win32
		{299C4407-9712-4EFC-B719-9E2BC47FD813}.Release|Win32.Build.0 = Release_GL|Win32
		{DBB28A77-E189-417F-8FAC-85D7DCB090C1}.Debug_DX|Win32.ActiveCfg = Debug_DX|Win32
		{DBB28A77-E189-417F-8FAC-85D7DCB090C1}.Debug_DX|Win32.Build.0 = Debug_DX|Win32
		{DBB28A77-E189-417F-8FAC-85D7DCB090C1}.Debug_GL|Win32.ActiveCfg = Debug_GL|Win32
		{DBB28A77-E189-417F-8FAC-85D7DCB090C1}.Debug_GL|Win32.Build.0 = Debug_GL|Win32
		{DBB28A77-E189-417F-8FAC-85D7DCB090C1}.Debug|Win32.ActiveCfg = Debug_GL|Win32
		{DBB28A77-E189-417F-8FAC-85D7DCB090C1}.Debug|Win32.Build.0 = Debug_GL|Win32
		{DBB28A77-E189-417F-8FAC-85D7DCB090C1}.Release_DX|Win32.ActiveCfg = Release_DX|Win32
		{DBB28A77-E189-417F-8FAC-85D7DCB090C1}.Release_DX|Win32.Build.0 = Release_DX|Win32
		{DBB28A77-E189-417F-8FAC-85D7DCB090C1}.Release_GL|Win32.ActiveCfg = Release_GL|Win32
		{DBB28A77-E189-417F-8FAC-85D7DCB090C1}.Release_GL|Win32.Build.0 = Release_GL|Win32
		{DBB28A77-E189-417F-8FAC-85D7DCB090C1}.Release|Win32.ActiveCfg = Release_GL|Win32
		{DBB28A77-E189-417F-8FAC-85D7DCB090C1}.Release|Win32.Build.0 = Release_GL|Win32
		{4564E98D-36C0-4F4C-B36F-39F49E26ED95}.Debug_DX|Win32.ActiveCfg = Debug_DX|Win32
		{4564E98D-36C0-4F4C-B36F-39F49E26ED95}.Debug_DX|Win32.Build.0 = Debug_DX|Win32
		{4564E98D-36C0-4F4C-B36F-39F49E26ED95}.Debug_GL|Win32.ActiveCfg = Debug_GL|Win32
		{4564E98D-36C0-4F4C-B36F-39F49E26ED95}.Debug_GL|Win32.Build.0 = Debug_GL|Win32
		{4564E98D-36C0-4F4C-B36F-39F49E26ED95}.Debug|Win32.ActiveCfg = Debug_GL|Win32
		{4564E98D-36C0-4F4C-B36F-39F49E26ED95}.Debug|Win32.Build.0 = Debug_GL|Win32
		{4564E98D-36C0-4F4C-B36F-39F49E26ED95}.Release_DX|Win32.ActiveCfg = Release_DX|Win32
		{4564E98D-36C0-4F4C-B36F-39F49E26ED95}.Release_DX|Win32.Build.0 = Release_DX|Win32
		{4564E98D-36C0-4F4C-B36F-39F49E26ED95}.Release_GL|Win32.ActiveCfg = Release_GL|Win32
		{4564E98D-36C0-4F4C-B36F-39F49E26ED95}.Release_GL|Win32.Build.0 = Release_GL|Win32
		{4564E98D-36C0-4F4C-B36F-39F49E26ED95}.Release|Win32.ActiveCfg = Release_GL|Win32
		{4564E98D-36C0-4F4C-B36F-39F49E26ED95}.Release|Win32.Build.0 = Release_GL|Win32
		{01C08B1F-E1B9-4A2A-A37A-92DD9B936FE6}.Debug_DX|Win32.ActiveCfg = Debug_DX|Win32
		{01C08B1F-E1B9-4A2A-A37A-92DD9B936FE6}.Debug_DX|Win32.Build.0 = Debug_DX|Win32
		{01C08B1F-E1B9-4A2A-A37A-92DD9B936FE6}.Debug_GL|Win32.ActiveCfg = Debug_GL|Win32
		{01C08B1F-E1B9-4A2A-A37A-92DD9B936FE6}.Debug_GL|Win32.Build.0 = Debug_GL|Win32
		{01C08B1F-E1B9-4A2A-A37A-92DD9B936FE6}.Debug|Win32.ActiveCfg = Debug_GL|Win32
		{01C08B1F-E1B9-4A2A-A37A-92DD9B936FE6}.Debug|Win32.Build.0 = Debug_GL|Win32
		{01C08B1F-E1B9-4A2A-A37A-92DD9B936FE6}.Release_DX|Win32.ActiveCfg = Release_DX|Win32
		{01C08B1F-E1B9-4A2A-A37A-92DD9B936FE6}.Release_DX|Win32.Build.0 = Release_DX|Win32
		{01C08B1F-E1B9-4A2A-A37A-92DD9B936FE6}.Release_GL|Win32.ActiveCfg = Release_GL|Win32
		{01C08B1F-E1B9-4A2A-A37A-92DD9B936FE6}.Release_GL|Win32.Build.0 = Release_GL|Win32
		{01C08B1F-E1B9-4A2A-A37A-92DD9B936FE6}.Release|Win32.ActiveCfg = Release_GL|Win32
		{01C08B1F-E1B9-4A2A-A37A-92DD9B936FE6}.Release|Win32.Build.0 = Release_GL|Win32
		{ED319EEF-30DB-4D04-A386-980E2FD0DC0F}.Debug_DX|Win32.ActiveCfg = Debug_DX|Win32
		{ED319EEF-30DB-4D04-A386-980E2FD0DC0F}.Debug_DX|Win32.Build.0 = Debug_DX|Win32
		{ED319EEF-30DB-4D04-A386-980E2FD0DC0F}.Debug_GL|Win32.ActiveCfg = Debug_GL|Win32
		{ED319EEF-30DB-4D04-A386-980E2FD0DC0F}.Debug_GL|Win32.Build.0 = Debug_GL|Win32
		{ED319EEF-30DB-4D04-A386-980E2FD0DC0F}.Debug|Win32.ActiveCfg = Debug_GL|Win32
		{ED319EEF-30DB-4D04-A386-980E2FD0DC0F}.Debug|Win32.Build.0 = Debug_GL|Win32
		{ED319EEF-30DB-4D04-A386-980E2FD0DC0F}.Release_DX|Win32.ActiveCfg = Release_DX|Win32
		{ED319EEF-30DB-4D04-A386-980E2FD0DC0F}.Release_DX|Win32.Build.0 = Release_DX|Win32
		{ED319EEF-30DB-4D04-A386-980E2FD0DC0F}.Release_GL|Win32.ActiveCfg = Release_GL|Win32
		{ED319EEF-30DB-4D04-A386-980E2FD0DC0F}.Release_GL|Win32.Build.0 = Release_GL|Win32
		{ED319EEF-30DB-4D04-A386-980E2FD0DC0F}.Release|Win32.ActiveCfg = Release_GL|Win32
		{ED319EEF-30DB-4D04-A386-980E2FD0DC0F}.Release|Win32.Build.0 = Release_GL|Win32
		{699116E6-0BAA-419A-8DAF-0DA3DA9DC0B6}.Debug_DX|Win32.ActiveCfg = Debug_GL|Win32
		{699116E6-0BAA-419A-8DAF-0DA3DA9DC0B6}.Debug_DX|Win32.Build.0 = Debug_GL|Win32
		{699116E6-0BAA-419A-8DAF-0DA3DA9DC0B6}.Debug_GL|Win32.ActiveCfg = Debug_GL|Win32
		{699116E6-0BAA-419A-8DAF-0DA3DA9DC0B6}.Debug_GL|Win32.Build.0 = Debug_GL|Win32
		{699116E6-0BAA-419A-8DAF-0DA3DA9DC0B6}.Debug|Win32.ActiveCfg = Debug_GL|Win32
		{699116E6-0BAA-419A-8DAF-0DA3DA9DC0B6}.Debug|Win32.Build.0 = Debug_GL|Win32
		{699116E6-0BAA-419A-8DAF-0DA3DA9DC0B6}.Release_DX|Win32.ActiveCfg = Release_GL|Win32
		{699116E6-0BAA-419A-8DAF-0DA3DA9DC0B6}.Release_DX|Win32.Build.0 = Release_GL|Win32
		{699116E6-0BAA-419A-8DAF-0DA3DA9DC0B6}.Release_GL|Win32.ActiveCfg = Release_GL|Win32
		{699116E6-0BAA-419A-8DAF-0DA3DA9DC0B6}.Release_GL|Win32.Build.0 = Release_GL|Win32
		{699116E6-0BAA-419A-8DAF-0DA3DA9DC0B6}.Release|Win32.ActiveCfg = Release_GL|Win32
		{699116E6-0BAA-419A-8DAF-0DA3DA9DC0B6}.Release|Win32.Build.0 = Release_GL|Win32
		{73469687-3E35-4CC5-AB00-4E0A2FB73511}.Debug_DX|Win32.ActiveCfg = Debug|Win32
		{73469687-3E35-4CC5-AB00-4E0A2FB73511}.Debug_DX|Win32.Build.0 = Debug|Win32
		{73469687-3E35-4CC5-AB00-4E0A2FB73511}.Debug_GL|Win32.ActiveCfg = Debug|Win32
		{73469687-3E35-4CC5-AB00-4E0A2FB73511}.Debug_GL|Win32.Build.0 = Debug|Win32
		{73469687-3E35-4CC5-AB00-4E0A2FB73511}.Debug|Win32.ActiveCfg = Debug|Win32
		{73469687-3E35-4CC5-AB00-4E0A2FB73511}.Debug|Win32.Build.0 = Debug|Win32
		{73469687-3E35-4CC5-AB00-4E0A2FB73511}.Release_DX|Win32.ActiveCfg = Release|Win32
		{73469687-3E35-4CC5-AB00-4E0A2FB73511}.Release_DX|Win32.Build.0 = Release|Win32
		{73469687-3E35-4CC5-AB00-4E0A2FB73511}.Release_GL|Win32.ActiveCfg = Release|Win32
		{73469687-3E35-4CC5-AB00-4E0A2FB73511}.Release_GL|Win32.Build.0 = Release|Win32
		{73469687-3E35-4CC5-AB00-4E0A2FB73511}.Release|Win32.ActiveCfg = Release|Win32
		{73469687-3E35-4CC5-AB00-4E0A2FB73511}.Release|Win32.Build.0 = Release|Win32
		{155D51A9-C9EC-407A-B8FB-98F2489A5168}.Debug_DX|Win32.ActiveCfg = Debug|Win32
		{155D51A9-C9EC-407A-B8FB-98F2489A5168}.Debug_DX|Win32.Build.0 = Debug|Win32
		{155D51A9-C9EC-407A-B8FB-98F2489A5168}.Debug_GL|Win32.ActiveCfg = Debug|Win32
		{155D51A9-C9EC-407A-B8FB-98F2489A5168}.Debug_GL|Win32.Build.0 = Debug|Win32
		{155D51A9-C9EC-407A-B8FB-98F2489A5168}.Debug|Win32.ActiveCfg = Debug|Win32
		{155D51A9-C9EC-407A-B8FB-98F2489A5168}.Debug|Win32.Build.0 = Debug|Win32
		{155D51A9-C9EC-407A-B8FB-98F2489A5168}.Release_DX|Win32.ActiveCfg = Release|Win32
		{155D51A9-C9EC-407A-B8FB-98F2489A5168}.Release_DX|Win32.Build.0 = Release|Win32
		{155D51A9-C9EC-407A-B8FB-98F2489A5168}.Release_GL|Win32.ActiveCfg = Release|Win32
		{155D51A9-C9EC-407A-B8FB-98F2489A5168}.Release_GL|Win32.Build.0 = Release|Win32
		{155D51A9-C9EC-407A-B8FB-98F2489A5168}.Release|Win32.ActiveCfg = Release|Win32
		{155D51A9-C9EC-407A-B8FB-98F2489A5168}.Release|Win32.Build.0 = Release|Win32
		{A30415ED-493F-42B3-A533-E36AFF3E6F5D}.Debug_DX|Win32.ActiveCfg = Debug|Win32
		{A30415ED-493F-42B3-A533-E36AFF3E6F5D}.Debug_DX|Win32.Build.0 = Debug|Win32
		{A30415ED-493F-42B3-A533-E36AFF3E6F5D}.Debug_GL|Win32.ActiveCfg = Debug|Win32
		{A30415ED-493F-42B3-A533-E36AFF3E6F5D}.Debug_GL|Win32.Build.0 = Debug|Win32
		{A30415ED-493F-42B3-A533-E36AFF3E6F5D}.Debug|Win32.ActiveCfg = Debug|Win32
		{A30415ED-493F-42B3-A533-E36AFF3E6F5D}.Debug|Win32.Build.0 = Debug|Win32
		{A30415ED-493F-42B3-A533-E36AFF3E6F5D}.Release_DX|Win32.ActiveCfg = Release|Win32
		{A30415ED-493F-42B3-A533-E36AFF3E6F5D}.Release_DX|Win32.Build.0 = Release|Win32
		{A30415ED-493F-42B3-A533-E36AFF3E6F5D}.Release_GL|Win32.ActiveCfg = Release|Win32
		{A30415ED-493F-42B3-A533-E36AFF3E6F5D}.Release_GL|Win32.Build.0 = Release|Win32
		{A30415ED-493F-42B3-A533-E36AFF3E6F5D}.Release|Win32.ActiveCfg = Release|Win32
		{A30415ED-493F-42B3-A533-E36AFF3E6F5D}.Release|Win32.Build.0 = Release|Win32
		{48D38192-91B9-47AE-B40E-E391F1CC5D0C}.Debug_DX|Win32.ActiveCfg = Debug|Win32
		{48D38192-91B9-47AE-B40E-E391F1CC5D0C}.Debug_DX|Win32.Build.0 = Debug|Win32
		{48D38192-91B9-47AE-B40E-E391F1CC5D0C}.Debug_GL|Win32.ActiveCfg = Debug|Win32
		{48D38192-91B9-47AE-B40E-E391F1CC5D0C}.Debug_GL|Win32.Build.0 = Debug|Win32
		{48D38192-91B9-47AE-B40E-E391F1CC5D0C}.Debug|Win32.ActiveCfg = Debug|Win32
		{48D38192-91B9-47AE-B40E-E391F1CC5D0C}.Debug|Win32.Build.0 = Debug|Win32
		{48D38192-91B9-47AE-B40E-E391F1CC5D0C}.Release_DX|Win32.ActiveCfg = Release|Win32
		{48D38192-91B9-47AE-B40E-E391F1CC5D0C}.Release_DX|Win32.Build.0 = Release|Win32
		{48D38192-91B9-47AE-B40E-E391F1CC5D0C}.Release_GL|Win32.ActiveCfg = Release|Win32
		{48D38192-91B9-47AE-B40E-E391F1CC5D0C}.Release_GL|Win32.Build.0 = Release|Win32
		{48D38192-91B9-47AE-B40E-E391F1CC5D0C}.Release|Win32.ActiveCfg = Release|Win32
		{48D38192-91B9-47AE-B40E-E391F1CC5D0C}.Release|Win32.Build.0 = Release|Win32
		{56BD5418-1E46-4A5E-8C64-B2D39F6AFE67}.Debug_DX|Win32.ActiveCfg = Debug|Win32
		{56BD5418-1E46-4A5E-8C64-B2D39F6AFE67}.Debug_DX|Win32.Build.0 = Debug|Win32
		{56BD5418-1E46-4A5E-8C64-B2D39F6AFE67}.Debug_GL|Win32.ActiveCfg = Debug|Win32
		{56BD5418-1E46-4A5E-8C64-B2D39F6AFE67}.Debug_GL|Win32.Build.0 = Debug|Win32
		{56BD5418-1E46-4A5E-8C64-B2D39F6AFE67}.Debug|Win32.ActiveCfg = Debug|Win32
		{56BD5418-1E46-4A5E-8C64-B2D39F6AFE67}.Debug|Win32.Build.0 = Debug|Win32
		{56BD5418-1E46-4A5E-8C64-B2D39F6AFE67}.Release_DX|Win32.ActiveCfg = Release|Win32
		{56BD5418-1E46-4A5E-8C64-B2D39F6AFE67}.Release_DX|Win32.Build.0 = Release|Win32
		{56BD5418-1E46-4A5E-8C64-B2D39F6AFE67}.Release_GL|Win32.ActiveCfg = Release|Win32
		{56BD5418-1E46-4A5E-8C64-B2D39F6AFE67}.Release_GL|Win32.Build.0 = Release|Win32
		{56BD5418-1E46-4A5E-8C64-B2D39F6AFE67}.Release|Win32.ActiveCfg = Release|Win32
		{56BD5418-1E46-4A5E-8C64-B2D39F6AFE67}.Release|Win32.Build.0 = Release|Win32
		{A1A325FA-35D2-4771-93DD-CCD65DF29D09}.Debug_DX|Win32.ActiveCfg = Debug|Win32
		{A1A325FA-35D2-4771-93DD-CCD65DF29D09}.Debug_DX|Win32.Build.0 = Debug|Win32
		{A1A325FA-35D2-4771-93DD-CCD65DF29D09}.Debug_GL|Win32.ActiveCfg = Debug|Win32
		{A1A325FA-35D2-4771-93DD-CCD65DF29D09}.Debug_GL|Win32.Build.0 = Debug|Win32
		{A1A325FA-35D2-4771-93DD-CCD65DF29D09}.Debug|Win32.ActiveCfg = Debug|Win32
		{A1A325FA-35D2-4771-93DD-CCD65DF29D09}.Debug|Win32.Build.0 = Debug|Win32
		{A1A325FA-35D2-4771-93DD-CCD65DF29D09}.Release_DX|Win32.ActiveCfg = Release|Win32
		{A1A325FA-35D2-4771-93DD-CCD65DF29D09}.Release_DX|Win32.Build.0 = Release|Win32
		{A1A325FA-35D2-4771-93DD-CCD65DF29D09}.Release_GL|Win32.ActiveCfg = Release|Win32
		{A1A325FA-35D2-4771-93DD-CCD65DF29D09}.Release_GL|Win32.Build.0 = Release|Win32
		{A1A325FA-35D2-4771-93DD-CCD65DF29D09}.Release|Win32.ActiveCfg = Release|Win32
		{A1A325FA-35D2-4771-93DD-CCD65DF29D09}.Release|Win32.Build.0 = Release|Win32
		{BF7AC655-5434-46D7-ADF5-C57688E0164B}.Debug_DX|Win32.ActiveCfg = Debug|Win32
		{BF7AC655-5434-46D7-ADF5-C57688E0164B}.Debug_DX|Win32.Build.0 = Debug|Win32
		{BF7AC655-5434-46D7-ADF5-C57688E0164B}.Debug_GL|Win32.ActiveCfg = Debug|Win32
		{BF7AC655-5434-46D7-ADF5-C57688E0164B}.Debug_GL|Win32.Build.0 = Debug|Win32
		{BF7AC655-5434-46D7-ADF5-C57688E0164B}.Debug|Win32.ActiveCfg = Debug|Win32
		{BF7AC655-5434-46D7-ADF5-C57688E0164B}.Debug|Win32.Build.0 = Debug|Win32
		{BF7AC655-5434-46D7-ADF5-C57688E0164B}.Release_DX|Win32.ActiveCfg = Release|Win32
		{BF7AC655-5434-46D7-ADF5-C57688E0164B}.Release_DX|Win32.Build.0 = Release|Win32
		{BF7AC655-5434-46D7-ADF5-C57688E0164B}.Release_GL|Win32.ActiveCfg = Release|Win32
		{BF7AC655-5434-46D7-ADF5-C57688E0164B}.Release_GL|Win32.Build.0 = Release|Win32
		{BF7AC655-5434-46D7-ADF5-C57688E0164B}.Release|Win32.ActiveCfg = Release|Win32
		{BF7AC655-5434-46D7-ADF5-C57688E0164B}.Release|Win32.Build.0 = Release|Win32
		{ADED3C05-F8E2-40A6-93D9-D694773040F7}.Debug_DX|Win32.ActiveCfg = Debug|Win32
		{ADED3C05-F8E2-40A6-93D9-D694773040F7}.Debug_DX|Win32.Build.0 = Debug|Win32
		{ADED3C05-F8E2-40A6-93D9-D694773040F7}.Debug_GL|Win32.ActiveCfg = Debug|Win32
		{ADED3C05-F8E2-40A6-93D9-D694773040F7}.Debug_GL|Win32.Build.0 = Debug|Win32
		{ADED3C05-F8E2-40A6-93D9-D694773040F7}.Debug|Win32.ActiveCfg = Debug|Win32
		{ADED3C05-F8E2-40A6-93D9-D694773040F7}.Debug|Win32.Build.0 = Debug|Win32
		{ADED3C05-F8E2-40A6-93D9-D694773040F7}.Release_DX|Win32.ActiveCfg = Release|Win32
		{ADED3C05-F8E2-40A6-93D9-D694773040F7}.Release_DX|Win32.Build.0 = Release|Win32
		{ADED3C05-F8E2-40A6-93D9-D694773040F7}.Release_GL|Win32.ActiveCfg = Release|Win32
		{ADED3C05-F8E2-40A6-93D9-D694773040F7}.Release_GL|Win32.Build.0 = Release|Win32
		{ADED3C05-F8E2-40A6-93D9-D694773040F7}.Release|Win32.ActiveCfg = Release|Win32
		{ADED3C05-F8E2-40A6-93D9-D694773040F7}.Release|Win32.Build.0 = Release|Win32
		{AC44A9D9-DDFD-467A-B801-9124867CB729}.Debug_DX|Win32.ActiveCfg = Debug|Win32
		{AC44A9D9-DDFD-467A-B801-9124867CB729}.Debug_DX|Win32.Build.0 = Debug|Win32
		{AC44A9D9-DDFD-467A-B801-9124867CB729}.Debug_GL|Win32.ActiveCfg = Debug|Win32
		{AC44A9D9-DDFD-467A-B801-9124867CB729}.Debug_GL|Win32.Build.0 = Debug|Win32
		{AC44A9D9-DDFD-467A-B801-9124867CB729}.Debug|Win32.ActiveCfg = Debug|Win32
		{AC44A9D9-DDFD-467A-B801-9124867CB729}.Debug|Win32.Build.0 = Debug|Win32
		{AC44A9D9-DDFD-467A-B801-9124867CB729}.Release_DX|Win32.ActiveCfg = Release|Win32
		{AC44A9D9-DDFD-467A-B801-9124867CB729}.Release_DX|Win32.Build.0 = Release|Win32
		{AC44A9D9-DDFD-467A-B801-9124867CB729}.Release_GL|Win32.ActiveCfg = Release|Win32
		{AC44A9D9-DDFD-467A-B801-9124867CB729}.Release_GL|Win32.Build.0 = Release|Win32
		{AC44A9D9-DDFD-467A-B801-9124867CB729}.Release|Win32.ActiveCfg = Release|Win32
		{AC44A9D9-DDFD-467A-B801-9124867CB729}.Release|Win32.Build.0 = Release|Win32
		{EAA68270-35BE-4BF1-8066-79D678D26A23}.Debug_DX|Win32.ActiveCfg = Debug|Win32
		{EAA68270-35BE-4BF1-8066-79D678D26A23}.Debug_DX|Win32.Build.0 = Debug|Win32
		{EAA68270-35BE-4BF1-8066-79D678D26A23}.Debug_GL|Win32.ActiveCfg = Debug|Win32
		{EAA68270-35BE-4BF1-8066-79D678D26A23}.Debug_GL|Win32.Build.0 = Debug|Win32
		{EAA68270-35BE-4BF1-8066-79D678D26A23}.Debug|Win32.ActiveCfg = Debug|Win32
		{EAA68270-35BE-4BF1-8066-79D678D26A23}.Debug|Win32.Build.0 = Debug|Win32
		{EAA68270-35BE-4BF1-8066-79D678D26A23}.Release_DX|Win32.ActiveCfg = Release|Win32
		{EAA68270-35BE-4BF1-8066-79D678D26A23}.Release_DX|Win32.Build.0 = Release|Win32
		{EAA68270-35BE-4BF1-8066-79D678D26A23}.Release_GL|Win32.ActiveCfg = Release|Win32
		{EAA68270-35BE-4BF1-8066-79D678D26A23}.Release_GL|Win32.Build.0 = Release|Win32
		{EAA68270-35BE-4BF1-8066-79D678D26A23}.Release|Win32.ActiveCfg = Release|Win32
		{EAA68270-35BE-4BF1-8066-79D678D26A23}.Release|Win32.Build.0 = Release|Win32
		{2A23387B-2C73-49C4-9F3A-9BA3580E1DC6}.Debug_DX|Win32.ActiveCfg = Debug|Win32
		{2A23387B-2C73-49C4-9F3A-9BA3580E1DC6}.Debug_DX|Win32.Build.0 = Debug|Win32
		{2A23387B-2C73-49C4-9F3A-9BA3580E1DC6}.Debug_GL|Win32.ActiveCfg = Debug|Win32
		{2A23387B-2C73-49C4-9F3A-9BA3580E1DC6}.Debug_GL|Win32.Build.0 = Debug|Win32
		{2A23387B-2C73-49C4-9F3A-9BA3580E1DC6}.Debug|Win32.ActiveCfg = Debug|Win32
		{2A23387B-2C73-49C4-9F3A-9BA3580E1DC6}.Debug|Win32.Build.0 = Debug|Win32
		{2A23387B-2C73-49C4-9F3A-9BA3580E1DC6}.Release_DX|Win32.ActiveCfg = Release|Win32
		{2A23387B-2C73-49C4-9F3A-9BA3580E1DC6}.Release_DX|Win32.Build.0 = Release|Win32
		{2A23387B-2C73-49C4-9F3A-9BA3580E1DC6}.Release_GL|Win32.ActiveCfg = Release|Win32
		{2A23387B-2C73-49C4-9F3A-9BA3580E1DC6}.Release_GL|Win32.Build.0 = Release|Win32
		{2A23387B-2C73-49C4-9F3A-9BA3580E1DC6}.Release|Win32.ActiveCfg = Release|Win32
		{2A23387B-2C73-49C4-9F3A-9BA3580E1DC6}.Release|Win32.Build.0 = Release|Win32
		{BFC46FA2-3EBD-44AA-AF3E-4876153E7295}.Debug_DX|Win32.ActiveCfg = Debug|Win32
		{BFC46FA2-3EBD-44AA-AF3E-4876153E7295}.Debug_DX|Win32.Build.0 = Debug|Win32
		{BFC46FA2-3EBD-44AA-AF3E-4876153E7295}.Debug_GL|Win32.ActiveCfg = Debug|Win32
		{BFC46FA2-3EBD-44AA-AF3E-4876153E7295}.Debug_GL|Win32.Build.0 = Debug|Win32
		{BFC46FA2-3EBD-44AA-AF3E-4876153E7295}.Debug|Win32.ActiveCfg = Debug|Win32
		{BFC46FA2-3EBD-44AA-AF3E-4876153E7295}.Debug|Win32.Build.0 = Debug|Win32
		{BFC46FA2-3EBD-44AA-AF3E-4876153E7295}.Release_DX|Win32.ActiveCfg = Release|Win32
		{BFC46FA2-3EBD-44AA-AF3E-4876153E7295}.Release_DX|Win32.Build.0 = Release|Win32
		{BFC46FA2-3EBD-44AA-AF3E-4876153E7295}.Release_GL|Win32.ActiveCfg = Release|Win32
		{BFC46FA2-3EBD-44AA-AF3E-4876153E7295}.Release_GL|Win32.Build.0 = Release|Win32
		{BFC46FA2-3EBD-44AA-AF3E-4876153E7295}.Release|Win32.ActiveCfg = Release|Win32
		{BFC46FA2-3EBD-44AA-AF3E-4876153E7295}.Release|Win32.Build.0 = Release|Win32
		{1159BEE1-7592-46A6-ACC9-F1FDB6056629}.Debug_DX|Win32.ActiveCfg = Debug|Win32
		{1159BEE1-7592-46A6-ACC9-F1FDB6056629}.Debug_DX|Win32.Build.0 = Debug|Win32
		{1159BEE1-7592-46A6-ACC9-F1FDB6056629}.Debug_GL|Win32.ActiveCfg = Debug|Win32
		{1159BEE1-7592-46A6-ACC9-F1FDB6056629}.Debug_GL|Win32.Build.0 = Debug|Win32
		{1159BEE1-7592-46A6-ACC9-F1FDB6056629}.Debug|Win32.ActiveCfg = Debug|Win32
		{1159BEE1-7592-46A6-ACC9-F1FDB6056629}.Debug|Win32.Build.0 = Debug|Win32
		{1159BEE1-7592-46A6-ACC9-F1FDB6056629}.Release_DX|Win32.ActiveCfg = Release|Win32
		{1159BEE1-7592-46A6-ACC9-F1FDB6056629}.Release_DX|Win32.Build.0 = Release|Win32
		{1159BEE1-7592-46A6-ACC9-F1FDB6056629}.Release_GL|Win32.ActiveCfg = Release|Win32
		{1159BEE1-7592-46A6-ACC9-F1FDB6056629}.Release_GL|Win32.Build.0 = Release|Win32
		{1159BEE1-7592-46A6-ACC9-F1FDB6056629}.Release|Win32.ActiveCfg = Release|Win32
		{1159BEE1-7592-46A6-ACC9-F1FDB6056629}.Release|Win32.Build.0 = Release|Win32
		{C26BDCE7-0665-4CAB-BC4F-FE91E4432182}.Debug_DX|Win32.ActiveCfg = Debug|Win32
		{C26BDCE7-0665-4CAB-BC4F-FE91E4432182}.Debug_DX|Win32.Build.0 = Debug|Win32
		{C26BDCE7-0665-4CAB-BC4F-FE91E4432182}.Debug_GL|Win32.ActiveCfg = Debug|Win32
		{C26BDCE7-0665-4CAB-BC4F-FE91E4432182}.Debug_GL|Win32.Build.0 = Debug|Win32
		{C26BDCE7-0665-4CAB-BC4F-FE91E4432182}.Debug|Win32.ActiveCfg = Debug|Win32
		{C26BDCE7-0665-4CAB-BC4F-FE91E4432182}.Debug|Win32.Build.0 = Debug|Win32
		{C26BDCE7-0665-4CAB-BC4F-FE91E4432182}.Release_DX|Win32.ActiveCfg = Release|Win32
		{C26BDCE7-0665-4CAB-BC4F-FE91E4432182}.Release_DX|Win32.Build.0 = Release|Win32
		{C26BDCE7-0665-4CAB-BC4F-FE91E4432182}.Release_GL|Win32.ActiveCfg = Release|Win32
		{C26BDCE7-0665-4CAB-BC4F-FE91E4432182}.Release_GL|Win32.Build.0 = Release|Win32
		{C26BDCE7-0665-4CAB-BC4F-FE91E4432182}.Release|Win32.ActiveCfg = Release|Win32
		{C26BDCE7-0665-4CAB-BC4F-FE91E4432182}.Release|Win32.Build.0 = Release|Win32
	EndGlobalSection
	GlobalSection(SolutionProperties) = preSolution
		HideSolutionNode = FALSE
	EndGlobalSection
	GlobalSection(NestedProjects) = preSolution
		{299C4407-9712-4EFC-B719-9E2BC47FD813} = {12123EF4-788B-4CF1-BF0E-93E7C7D8B458}
		{DBB28A77-E189-417F-8FAC-85D7DCB090C1} = {12123EF4-788B-4CF1-BF0E-93E7C7D8B458}
		{4564E98D-36C0-4F4C-B36F-39F49E26ED95} = {12123EF4-788B-4CF1-BF0E-93E7C7D8B458}
		{ED319EEF-30DB-4D04-A386-980E2FD0DC0F} = {12123EF4-788B-4CF1-BF0E-93E7C7D8B458}
		{699116E6-0BAA-419A-8DAF-0DA3DA9DC0B6} = {12123EF4-788B-4CF1-BF0E-93E7C7D8B458}
		{9705D998-B325-44E4-9F21-A84A69D5B91A} = {12123EF4-788B-4CF1-BF0E-93E7C7D8B458}
		{155D51A9-C9EC-407A-B8FB-98F2489A5168} = {12123EF4-788B-4CF1-BF0E-93E7C7D8B458}
		{A30415ED-493F-42B3-A533-E36AFF3E6F5D} = {12123EF4-788B-4CF1-BF0E-93E7C7D8B458}
		{56BD5418-1E46-4A5E-8C64-B2D39F6AFE67} = {12123EF4-788B-4CF1-BF0E-93E7C7D8B458}
		{A1A325FA-35D2-4771-93DD-CCD65DF29D09} = {12123EF4-788B-4CF1-BF0E-93E7C7D8B458}
		{BF7AC655-5434-46D7-ADF5-C57688E0164B} = {12123EF4-788B-4CF1-BF0E-93E7C7D8B458}
		{ADED3C05-F8E2-40A6-93D9-D694773040F7} = {12123EF4-788B-4CF1-BF0E-93E7C7D8B458}
		{AC44A9D9-DDFD-467A-B801-9124867CB729} = {12123EF4-788B-4CF1-BF0E-93E7C7D8B458}
		{EAA68270-35BE-4BF1-8066-79D678D26A23} = {12123EF4-788B-4CF1-BF0E-93E7C7D8B458}
		{2A23387B-2C73-49C4-9F3A-9BA3580E1DC6} = {12123EF4-788B-4CF1-BF0E-93E7C7D8B458}
		{BFC46FA2-3EBD-44AA-AF3E-4876153E7295} = {12123EF4-788B-4CF1-BF0E-93E7C7D8B458}
		{1159BEE1-7592-46A6-ACC9-F1FDB6056629} = {12123EF4-788B-4CF1-BF0E-93E7C7D8B458}
		{01C08B1F-E1B9-4A2A-A37A-92DD9B936FE6} = {B4B50E5E-D3E8-4480-96F7-757E9FB66C38}
		{C26BDCE7-0665-4CAB-BC4F-FE91E4432182} = {B4B50E5E-D3E8-4480-96F7-757E9FB66C38}
		{73469687-3E35-4CC5-AB00-4E0A2FB73511} = {16ADEDEB-D70B-4890-95B9-E7FA4A1C88A2}
		{48D38192-91B9-47AE-B40E-E391F1CC5D0C} = {16ADEDEB-D70B-4890-95B9-E7FA4A1C88A2}
	EndGlobalSection
EndGlobal
