<?xml version="1.0" encoding="utf-8"?>
<Project ToolsVersion="4.0" xmlns="http://schemas.microsoft.com/developer/msbuild/2003">
  <ItemGroup>
    <Filter Include="源文件">
      <UniqueIdentifier>{999f4bdb-811c-458f-b232-08cbe73b1856}</UniqueIdentifier>
    </Filter>
    <Filter Include="头文件">
      <UniqueIdentifier>{86da78ff-b1bb-426a-967d-c75fc80080de}</UniqueIdentifier>
    </Filter>
    <Filter Include="源文件\glb">
      <UniqueIdentifier>{5deb7752-e379-4df1-8533-1ef2b90c70ef}</UniqueIdentifier>
    </Filter>
    <Filter Include="源文件\glb\render">
      <UniqueIdentifier>{b5647ba9-5262-4d87-8847-818ac97a2143}</UniqueIdentifier>
    </Filter>
    <Filter Include="源文件\glb\scene">
      <UniqueIdentifier>{ef1220c7-31e6-4848-b6e8-e7aee2735397}</UniqueIdentifier>
    </Filter>
    <Filter Include="源文件\glb\util">
      <UniqueIdentifier>{60d535d1-84e5-4102-aa00-f44775642287}</UniqueIdentifier>
    </Filter>
    <Filter Include="源文件\glb\math">
      <UniqueIdentifier>{e903369e-b177-419e-b770-042454588afb}</UniqueIdentifier>
    </Filter>
    <Filter Include="源文件\glb\thirdparty">
      <UniqueIdentifier>{cf1c67e2-e25e-4d46-ae97-557a6dc57785}</UniqueIdentifier>
    </Filter>
    <Filter Include="源文件\glb\thirdparty\stb_image">
      <UniqueIdentifier>{9554dc95-b39a-472f-9e2e-f44a8f1ecbf1}</UniqueIdentifier>
    </Filter>
    <Filter Include="源文件\glb\render\imp">
      <UniqueIdentifier>{e94e5705-e2ab-4172-b864-d839dbc37e4a}</UniqueIdentifier>
    </Filter>
    <Filter Include="源文件\glb\render\imp\gl">
      <UniqueIdentifier>{74796608-76dd-4ea9-9a59-acadbc4cc2e6}</UniqueIdentifier>
    </Filter>
    <Filter Include="源文件\glb\render\imp\dx11">
      <UniqueIdentifier>{76442ee7-54b7-412e-9a6d-3a0cdcf48ecb}</UniqueIdentifier>
    </Filter>
    <Filter Include="源文件\glb\thirdparty\rgbe">
      <UniqueIdentifier>{9529b628-6209-4b8d-b998-a3bbff63629f}</UniqueIdentifier>
    </Filter>
  </ItemGroup>
  <ItemGroup>
    <ClCompile Include="..\glb\glbapplication.cpp">
      <Filter>源文件\glb</Filter>
    </ClCompile>
    <ClCompile Include="..\glb\glbinput.cpp">
      <Filter>源文件\glb</Filter>
    </ClCompile>
    <ClCompile Include="..\glb\math\glbbv.cpp">
      <Filter>源文件\glb\math</Filter>
    </ClCompile>
    <ClCompile Include="..\glb\math\glbmath.cpp">
      <Filter>源文件\glb\math</Filter>
    </ClCompile>
    <ClCompile Include="..\glb\util\glblog.cpp">
      <Filter>源文件\glb\util</Filter>
    </ClCompile>
    <ClCompile Include="..\glb\util\glbprofile.cpp">
      <Filter>源文件\glb\util</Filter>
    </ClCompile>
    <ClCompile Include="..\glb\util\glbtexturereader.cpp">
      <Filter>源文件\glb\util</Filter>
    </ClCompile>
    <ClCompile Include="..\glb\util\glbtexturewriter.cpp">
      <Filter>源文件\glb\util</Filter>
    </ClCompile>
    <ClCompile Include="..\glb\util\glbutil.cpp">
      <Filter>源文件\glb\util</Filter>
    </ClCompile>
    <ClCompile Include="..\glb\scene\glbcamera.cpp">
      <Filter>源文件\glb\scene</Filter>
    </ClCompile>
    <ClCompile Include="..\glb\scene\glbmodel.cpp">
      <Filter>源文件\glb\scene</Filter>
    </ClCompile>
    <ClCompile Include="..\glb\scene\glbmodelfile.cpp">
      <Filter>源文件\glb\scene</Filter>
    </ClCompile>
    <ClCompile Include="..\glb\scene\glbobject.cpp">
      <Filter>源文件\glb\scene</Filter>
    </ClCompile>
    <ClCompile Include="..\glb\scene\glbscene.cpp">
      <Filter>源文件\glb\scene</Filter>
    </ClCompile>
    <ClCompile Include="..\glb\render\glbmaterial.cpp">
      <Filter>源文件\glb\render</Filter>
    </ClCompile>
    <ClCompile Include="..\glb\render\glbmesh.cpp">
      <Filter>源文件\glb\render</Filter>
    </ClCompile>
    <ClCompile Include="..\glb\render\glbrender.cpp">
      <Filter>源文件\glb\render</Filter>
    </ClCompile>
    <ClCompile Include="..\glb\render\glbrenderdevice.cpp">
      <Filter>源文件\glb\render</Filter>
    </ClCompile>
    <ClCompile Include="..\glb\render\glbrendertarget.cpp">
      <Filter>源文件\glb\render</Filter>
    </ClCompile>
    <ClCompile Include="..\glb\render\glbshader.cpp">
      <Filter>源文件\glb\render</Filter>
    </ClCompile>
    <ClCompile Include="..\glb\render\glbtexture.cpp">
      <Filter>源文件\glb\render</Filter>
    </ClCompile>
    <ClCompile Include="..\glb\render\glbuniform.cpp">
      <Filter>源文件\glb\render</Filter>
    </ClCompile>
    <ClCompile Include="..\glb\render\imp\gl\glbmeshimp.cpp">
      <Filter>源文件\glb\render\imp\gl</Filter>
    </ClCompile>
    <ClCompile Include="..\glb\render\imp\gl\glbrenderdeivceimp.cpp">
      <Filter>源文件\glb\render\imp\gl</Filter>
    </ClCompile>
    <ClCompile Include="..\glb\render\imp\gl\glbrendertargetimp.cpp">
      <Filter>源文件\glb\render\imp\gl</Filter>
    </ClCompile>
    <ClCompile Include="..\glb\render\imp\gl\glbshaderimp.cpp">
      <Filter>源文件\glb\render\imp\gl</Filter>
    </ClCompile>
    <ClCompile Include="..\glb\render\imp\gl\glbtextureimp.cpp">
      <Filter>源文件\glb\render\imp\gl</Filter>
    </ClCompile>
    <ClCompile Include="..\glb\render\imp\dx11\glbmeshimp.cpp">
      <Filter>源文件\glb\render\imp\dx11</Filter>
    </ClCompile>
    <ClCompile Include="..\glb\render\imp\dx11\glbrenderdeviceimp.cpp">
      <Filter>源文件\glb\render\imp\dx11</Filter>
    </ClCompile>
    <ClCompile Include="..\glb\render\imp\dx11\glbrendertargetimp.cpp">
      <Filter>源文件\glb\render\imp\dx11</Filter>
    </ClCompile>
    <ClCompile Include="..\glb\render\imp\dx11\glbshaderimp.cpp">
      <Filter>源文件\glb\render\imp\dx11</Filter>
    </ClCompile>
    <ClCompile Include="..\glb\render\imp\dx11\glbtextureimp.cpp">
      <Filter>源文件\glb\render\imp\dx11</Filter>
    </ClCompile>
    <ClCompile Include="glb_lightmapper.cpp">
      <Filter>源文件</Filter>
    </ClCompile>
    <ClCompile Include="..\glb\thirdparty\rgbe\rgbe.cpp">
      <Filter>源文件\glb\thirdparty\rgbe</Filter>
    </ClCompile>
  </ItemGroup>
  <ItemGroup>
    <ClInclude Include="..\glb\glb.h">
      <Filter>源文件\glb</Filter>
    </ClInclude>
    <ClInclude Include="..\glb\glbapplication.h">
      <Filter>源文件\glb</Filter>
    </ClInclude>
    <ClInclude Include="..\glb\glbinput.h">
      <Filter>源文件\glb</Filter>
    </ClInclude>
    <ClInclude Include="..\glb\math\glbbv.h">
      <Filter>源文件\glb\math</Filter>
    </ClInclude>
    <ClInclude Include="..\glb\math\glbmath.h">
      <Filter>源文件\glb\math</Filter>
    </ClInclude>
    <ClInclude Include="..\glb\math\glbmatrix.cpp.h">
      <Filter>源文件\glb\math</Filter>
    </ClInclude>
    <ClInclude Include="..\glb\math\glbmatrix.h">
      <Filter>源文件\glb\math</Filter>
    </ClInclude>
    <ClInclude Include="..\glb\math\glbvector.h">
      <Filter>源文件\glb\math</Filter>
    </ClInclude>
    <ClInclude Include="..\glb\util\glbddsformat.h">
      <Filter>源文件\glb\util</Filter>
    </ClInclude>
    <ClInclude Include="..\glb\util\glblog.h">
      <Filter>源文件\glb\util</Filter>
    </ClInclude>
    <ClInclude Include="..\glb\util\glbmacro.h">
      <Filter>源文件\glb\util</Filter>
    </ClInclude>
    <ClInclude Include="..\glb\util\glbprofile.h">
      <Filter>源文件\glb\util</Filter>
    </ClInclude>
    <ClInclude Include="..\glb\util\glbtextureinfo.h">
      <Filter>源文件\glb\util</Filter>
    </ClInclude>
    <ClInclude Include="..\glb\util\glbtexturereader.h">
      <Filter>源文件\glb\util</Filter>
    </ClInclude>
    <ClInclude Include="..\glb\util\glbtexturewriter.h">
      <Filter>源文件\glb\util</Filter>
    </ClInclude>
    <ClInclude Include="..\glb\util\glbutil.h">
      <Filter>源文件\glb\util</Filter>
    </ClInclude>
    <ClInclude Include="..\glb\scene\glbcamera.h">
      <Filter>源文件\glb\scene</Filter>
    </ClInclude>
    <ClInclude Include="..\glb\scene\glblight.h">
      <Filter>源文件\glb\scene</Filter>
    </ClInclude>
    <ClInclude Include="..\glb\scene\glbmodel.h">
      <Filter>源文件\glb\scene</Filter>
    </ClInclude>
    <ClInclude Include="..\glb\scene\glbmodelfile.h">
      <Filter>源文件\glb\scene</Filter>
    </ClInclude>
    <ClInclude Include="..\glb\scene\glbobject.h">
      <Filter>源文件\glb\scene</Filter>
    </ClInclude>
    <ClInclude Include="..\glb\scene\glbscene.h">
      <Filter>源文件\glb\scene</Filter>
    </ClInclude>
    <ClInclude Include="..\glb\thirdparty\stb_image\std_image.h">
      <Filter>源文件\glb\thirdparty\stb_image</Filter>
    </ClInclude>
    <ClInclude Include="..\glb\render\glbmaterial.h">
      <Filter>源文件\glb\render</Filter>
    </ClInclude>
    <ClInclude Include="..\glb\render\glbmesh.h">
      <Filter>源文件\glb\render</Filter>
    </ClInclude>
    <ClInclude Include="..\glb\render\glbrender.h">
      <Filter>源文件\glb\render</Filter>
    </ClInclude>
    <ClInclude Include="..\glb\render\glbrenderdevice.h">
      <Filter>源文件\glb\render</Filter>
    </ClInclude>
    <ClInclude Include="..\glb\render\glbrendertarget.h">
      <Filter>源文件\glb\render</Filter>
    </ClInclude>
    <ClInclude Include="..\glb\render\glbshader.h">
      <Filter>源文件\glb\render</Filter>
    </ClInclude>
    <ClInclude Include="..\glb\render\glbstructs.h">
      <Filter>源文件\glb\render</Filter>
    </ClInclude>
    <ClInclude Include="..\glb\render\glbtexture.h">
      <Filter>源文件\glb\render</Filter>
    </ClInclude>
    <ClInclude Include="..\glb\render\glbuniform.h">
      <Filter>源文件\glb\render</Filter>
    </ClInclude>
    <ClInclude Include="..\glb\render\imp\gl\glbmeshimp.h">
      <Filter>源文件\glb\render\imp\gl</Filter>
    </ClInclude>
    <ClInclude Include="..\glb\render\imp\gl\glbrenderdeviceimp.h">
      <Filter>源文件\glb\render\imp\gl</Filter>
    </ClInclude>
    <ClInclude Include="..\glb\render\imp\gl\glbrendertargetimp.h">
      <Filter>源文件\glb\render\imp\gl</Filter>
    </ClInclude>
    <ClInclude Include="..\glb\render\imp\gl\glbshaderimp.h">
      <Filter>源文件\glb\render\imp\gl</Filter>
    </ClInclude>
    <ClInclude Include="..\glb\render\imp\gl\glbtextureimp.h">
      <Filter>源文件\glb\render\imp\gl</Filter>
    </ClInclude>
    <ClInclude Include="..\glb\render\imp\dx11\glbmeshimp.h">
      <Filter>源文件\glb\render\imp\dx11</Filter>
    </ClInclude>
    <ClInclude Include="..\glb\render\imp\dx11\glbrenderdeviceimp.h">
      <Filter>源文件\glb\render\imp\dx11</Filter>
    </ClInclude>
    <ClInclude Include="..\glb\render\imp\dx11\glbrendertargetimp.h">
      <Filter>源文件\glb\render\imp\dx11</Filter>
    </ClInclude>
    <ClInclude Include="..\glb\render\imp\dx11\glbshaderimp.h">
      <Filter>源文件\glb\render\imp\dx11</Filter>
    </ClInclude>
    <ClInclude Include="..\glb\render\imp\dx11\glbtextureimp.h">
      <Filter>源文件\glb\render\imp\dx11</Filter>
    </ClInclude>
    <ClInclude Include="glb_lightmapper.h">
      <Filter>源文件</Filter>
    </ClInclude>
    <ClInclude Include="resource1.h">
      <Filter>头文件</Filter>
    </ClInclude>
    <ClInclude Include="..\glb\thirdparty\rgbe\rgbe.h">
      <Filter>源文件\glb\thirdparty\rgbe</Filter>
    </ClInclude>
  </ItemGroup>
  <ItemGroup>
    <None Include="..\glb\math\glbvector.inl">
      <Filter>源文件\glb\math</Filter>
    </None>
  </ItemGroup>
  <ItemGroup>
    <ResourceCompile Include="glb_lightmapper.rc" />
  </ItemGroup>
  <ItemGroup>
    <Image Include="res\glb.ico" />
  </ItemGroup>
  <ItemGroup>
    <Text Include="..\glb\thirdparty\rgbe\rgbe.txt">
      <Filter>源文件\glb\thirdparty\rgbe</Filter>
    </Text>
  </ItemGroup>
</Project>