<?xml version="1.0" encoding="utf-8"?>
<Project ToolsVersion="4.0" xmlns="http://schemas.microsoft.com/developer/msbuild/2003">
  <ItemGroup>
    <ClCompile Include="glb_ibl_specular_bruteforce.cpp" />
    <ClCompile Include="..\glb\glbapplication.cpp">
      <Filter>glb</Filter>
    </ClCompile>
    <ClCompile Include="..\glb\glbinput.cpp">
      <Filter>glb</Filter>
    </ClCompile>
    <ClCompile Include="..\glb\math\glbbv.cpp">
      <Filter>glb\math</Filter>
    </ClCompile>
    <ClCompile Include="..\glb\math\glbmath.cpp">
      <Filter>glb\math</Filter>
    </ClCompile>
    <ClCompile Include="..\glb\scene\glbcamera.cpp">
      <Filter>glb\scene</Filter>
    </ClCompile>
    <ClCompile Include="..\glb\scene\glbmodel.cpp">
      <Filter>glb\scene</Filter>
    </ClCompile>
    <ClCompile Include="..\glb\scene\glbmodelfile.cpp">
      <Filter>glb\scene</Filter>
    </ClCompile>
    <ClCompile Include="..\glb\scene\glbobject.cpp">
      <Filter>glb\scene</Filter>
    </ClCompile>
    <ClCompile Include="..\glb\scene\glbscene.cpp">
      <Filter>glb\scene</Filter>
    </ClCompile>
    <ClCompile Include="..\glb\util\glblog.cpp">
      <Filter>glb\util</Filter>
    </ClCompile>
    <ClCompile Include="..\glb\util\glbprofile.cpp">
      <Filter>glb\util</Filter>
    </ClCompile>
    <ClCompile Include="..\glb\util\glbtexturereader.cpp">
      <Filter>glb\util</Filter>
    </ClCompile>
    <ClCompile Include="..\glb\util\glbtexturewriter.cpp">
      <Filter>glb\util</Filter>
    </ClCompile>
    <ClCompile Include="..\glb\util\glbutil.cpp">
      <Filter>glb\util</Filter>
    </ClCompile>
    <ClCompile Include="..\glb\render\glbmaterial.cpp">
      <Filter>glb\render</Filter>
    </ClCompile>
    <ClCompile Include="..\glb\render\glbmesh.cpp">
      <Filter>glb\render</Filter>
    </ClCompile>
    <ClCompile Include="..\glb\render\glbrender.cpp">
      <Filter>glb\render</Filter>
    </ClCompile>
    <ClCompile Include="..\glb\render\glbrenderdevice.cpp">
      <Filter>glb\render</Filter>
    </ClCompile>
    <ClCompile Include="..\glb\render\glbrendertarget.cpp">
      <Filter>glb\render</Filter>
    </ClCompile>
    <ClCompile Include="..\glb\render\glbshader.cpp">
      <Filter>glb\render</Filter>
    </ClCompile>
    <ClCompile Include="..\glb\render\glbtexture.cpp">
      <Filter>glb\render</Filter>
    </ClCompile>
    <ClCompile Include="..\glb\render\glbuniform.cpp">
      <Filter>glb\render</Filter>
    </ClCompile>
    <ClCompile Include="..\glb\render\imp\gl\glbmeshimp.cpp">
      <Filter>glb\render\imp\gl</Filter>
    </ClCompile>
    <ClCompile Include="..\glb\render\imp\gl\glbrenderdeivceimp.cpp">
      <Filter>glb\render\imp\gl</Filter>
    </ClCompile>
    <ClCompile Include="..\glb\render\imp\gl\glbrendertargetimp.cpp">
      <Filter>glb\render\imp\gl</Filter>
    </ClCompile>
    <ClCompile Include="..\glb\render\imp\gl\glbshaderimp.cpp">
      <Filter>glb\render\imp\gl</Filter>
    </ClCompile>
    <ClCompile Include="..\glb\render\imp\gl\glbtextureimp.cpp">
      <Filter>glb\render\imp\gl</Filter>
    </ClCompile>
    <ClCompile Include="..\glb\render\imp\dx11\glbmeshimp.cpp">
      <Filter>glb\render\imp\dx11</Filter>
    </ClCompile>
    <ClCompile Include="..\glb\render\imp\dx11\glbrenderdeviceimp.cpp">
      <Filter>glb\render\imp\dx11</Filter>
    </ClCompile>
    <ClCompile Include="..\glb\render\imp\dx11\glbrendertargetimp.cpp">
      <Filter>glb\render\imp\dx11</Filter>
    </ClCompile>
    <ClCompile Include="..\glb\render\imp\dx11\glbshaderimp.cpp">
      <Filter>glb\render\imp\dx11</Filter>
    </ClCompile>
    <ClCompile Include="..\glb\render\imp\dx11\glbtextureimp.cpp">
      <Filter>glb\render\imp\dx11</Filter>
    </ClCompile>
    <ClCompile Include="..\glb\thirdparty\rgbe\rgbe.cpp">
      <Filter>glb\thirdparty\rgbe</Filter>
    </ClCompile>
    <ClCompile Include="..\glb\render\glbfont.cpp">
      <Filter>glb\render</Filter>
    </ClCompile>
    <ClCompile Include="..\glb\glbdebugmenu.cpp">
      <Filter>glb</Filter>
    </ClCompile>
  </ItemGroup>
  <ItemGroup>
    <ClInclude Include="glb_ibl_specular_bruteforce.h" />
    <ClInclude Include="..\glb\glb.h">
      <Filter>glb</Filter>
    </ClInclude>
    <ClInclude Include="..\glb\glbapplication.h">
      <Filter>glb</Filter>
    </ClInclude>
    <ClInclude Include="..\glb\glbinput.h">
      <Filter>glb</Filter>
    </ClInclude>
    <ClInclude Include="..\glb\math\glbbv.h">
      <Filter>glb\math</Filter>
    </ClInclude>
    <ClInclude Include="..\glb\math\glbmath.h">
      <Filter>glb\math</Filter>
    </ClInclude>
    <ClInclude Include="..\glb\math\glbmatrix.cpp.h">
      <Filter>glb\math</Filter>
    </ClInclude>
    <ClInclude Include="..\glb\math\glbmatrix.h">
      <Filter>glb\math</Filter>
    </ClInclude>
    <ClInclude Include="..\glb\math\glbvector.h">
      <Filter>glb\math</Filter>
    </ClInclude>
    <ClInclude Include="..\glb\scene\glbcamera.h">
      <Filter>glb\scene</Filter>
    </ClInclude>
    <ClInclude Include="..\glb\scene\glblight.h">
      <Filter>glb\scene</Filter>
    </ClInclude>
    <ClInclude Include="..\glb\scene\glbmodel.h">
      <Filter>glb\scene</Filter>
    </ClInclude>
    <ClInclude Include="..\glb\scene\glbmodelfile.h">
      <Filter>glb\scene</Filter>
    </ClInclude>
    <ClInclude Include="..\glb\scene\glbobject.h">
      <Filter>glb\scene</Filter>
    </ClInclude>
    <ClInclude Include="..\glb\scene\glbscene.h">
      <Filter>glb\scene</Filter>
    </ClInclude>
    <ClInclude Include="..\glb\util\glbprofile.h">
      <Filter>glb\util</Filter>
    </ClInclude>
    <ClInclude Include="..\glb\util\glbddsformat.h">
      <Filter>glb\util</Filter>
    </ClInclude>
    <ClInclude Include="..\glb\util\glblog.h">
      <Filter>glb\util</Filter>
    </ClInclude>
    <ClInclude Include="..\glb\util\glbmacro.h">
      <Filter>glb\util</Filter>
    </ClInclude>
    <ClInclude Include="..\glb\util\glbtextureinfo.h">
      <Filter>glb\util</Filter>
    </ClInclude>
    <ClInclude Include="..\glb\util\glbtexturereader.h">
      <Filter>glb\util</Filter>
    </ClInclude>
    <ClInclude Include="..\glb\util\glbtexturewriter.h">
      <Filter>glb\util</Filter>
    </ClInclude>
    <ClInclude Include="..\glb\util\glbutil.h">
      <Filter>glb\util</Filter>
    </ClInclude>
    <ClInclude Include="..\glb\render\glbmaterial.h">
      <Filter>glb\render</Filter>
    </ClInclude>
    <ClInclude Include="..\glb\render\glbmesh.h">
      <Filter>glb\render</Filter>
    </ClInclude>
    <ClInclude Include="..\glb\render\glbrender.h">
      <Filter>glb\render</Filter>
    </ClInclude>
    <ClInclude Include="..\glb\render\glbrenderdevice.h">
      <Filter>glb\render</Filter>
    </ClInclude>
    <ClInclude Include="..\glb\render\glbrendertarget.h">
      <Filter>glb\render</Filter>
    </ClInclude>
    <ClInclude Include="..\glb\render\glbshader.h">
      <Filter>glb\render</Filter>
    </ClInclude>
    <ClInclude Include="..\glb\render\glbstructs.h">
      <Filter>glb\render</Filter>
    </ClInclude>
    <ClInclude Include="..\glb\render\glbtexture.h">
      <Filter>glb\render</Filter>
    </ClInclude>
    <ClInclude Include="..\glb\render\glbuniform.h">
      <Filter>glb\render</Filter>
    </ClInclude>
    <ClInclude Include="..\glb\render\imp\gl\glbmeshimp.h">
      <Filter>glb\render\imp\gl</Filter>
    </ClInclude>
    <ClInclude Include="..\glb\render\imp\gl\glbrenderdeviceimp.h">
      <Filter>glb\render\imp\gl</Filter>
    </ClInclude>
    <ClInclude Include="..\glb\render\imp\gl\glbrendertargetimp.h">
      <Filter>glb\render\imp\gl</Filter>
    </ClInclude>
    <ClInclude Include="..\glb\render\imp\gl\glbshaderimp.h">
      <Filter>glb\render\imp\gl</Filter>
    </ClInclude>
    <ClInclude Include="..\glb\render\imp\gl\glbtextureimp.h">
      <Filter>glb\render\imp\gl</Filter>
    </ClInclude>
    <ClInclude Include="..\glb\render\imp\dx11\glbmeshimp.h">
      <Filter>glb\render\imp\dx11</Filter>
    </ClInclude>
    <ClInclude Include="..\glb\render\imp\dx11\glbrenderdeviceimp.h">
      <Filter>glb\render\imp\dx11</Filter>
    </ClInclude>
    <ClInclude Include="..\glb\render\imp\dx11\glbrendertargetimp.h">
      <Filter>glb\render\imp\dx11</Filter>
    </ClInclude>
    <ClInclude Include="..\glb\render\imp\dx11\glbshaderimp.h">
      <Filter>glb\render\imp\dx11</Filter>
    </ClInclude>
    <ClInclude Include="..\glb\render\imp\dx11\glbtextureimp.h">
      <Filter>glb\render\imp\dx11</Filter>
    </ClInclude>
    <ClInclude Include="..\glb\thirdparty\stb_image\std_image.h">
      <Filter>glb\thirdparty\stb_image</Filter>
    </ClInclude>
    <ClInclude Include="resource.h" />
    <ClInclude Include="..\glb\thirdparty\rgbe\rgbe.h">
      <Filter>glb\thirdparty\rgbe</Filter>
    </ClInclude>
    <ClInclude Include="..\glb\render\glbfont.h">
      <Filter>glb\render</Filter>
    </ClInclude>
    <ClInclude Include="..\glb\glbdebugmenu.h">
      <Filter>glb</Filter>
    </ClInclude>
  </ItemGroup>
  <ItemGroup>
    <Filter Include="glb">
      <UniqueIdentifier>{76f0a9c3-cd61-46b6-848c-a88fe7715297}</UniqueIdentifier>
    </Filter>
    <Filter Include="glb\math">
      <UniqueIdentifier>{9cafda0c-90f4-4963-8a10-51d3d60754c1}</UniqueIdentifier>
    </Filter>
    <Filter Include="glb\render">
      <UniqueIdentifier>{57031fba-36ce-46a0-9145-139f49466c83}</UniqueIdentifier>
    </Filter>
    <Filter Include="glb\scene">
      <UniqueIdentifier>{7424f392-5057-48d5-9b36-f620683a023f}</UniqueIdentifier>
    </Filter>
    <Filter Include="glb\util">
      <UniqueIdentifier>{b6abbf14-c5b0-495f-aa30-39222b581030}</UniqueIdentifier>
    </Filter>
    <Filter Include="glb\thirdparty">
      <UniqueIdentifier>{1dda3816-6f68-4c86-9445-28f70c810edf}</UniqueIdentifier>
    </Filter>
    <Filter Include="glb\render\imp">
      <UniqueIdentifier>{74bb5efe-1c1c-4ea4-a34c-a18abd98101d}</UniqueIdentifier>
    </Filter>
    <Filter Include="glb\render\imp\gl">
      <UniqueIdentifier>{35bef09a-40f5-4bc9-9aa1-0bd9d7e48cb0}</UniqueIdentifier>
    </Filter>
    <Filter Include="glb\render\imp\dx11">
      <UniqueIdentifier>{f76c5cb1-c970-4b19-bf33-427848003b0e}</UniqueIdentifier>
    </Filter>
    <Filter Include="glb\thirdparty\stb_image">
      <UniqueIdentifier>{198af20c-a547-408d-bd34-01b3dc382063}</UniqueIdentifier>
    </Filter>
    <Filter Include="glb\thirdparty\rgbe">
      <UniqueIdentifier>{fa711438-ab0a-46ac-af6c-fbacbb7b1660}</UniqueIdentifier>
    </Filter>
  </ItemGroup>
  <ItemGroup>
    <None Include="..\glb\math\glbvector.inl">
      <Filter>glb\math</Filter>
    </None>
  </ItemGroup>
  <ItemGroup>
    <ResourceCompile Include="glb_ibl_specular_bruteforce.rc" />
  </ItemGroup>
  <ItemGroup>
    <Text Include="..\glb\thirdparty\rgbe\rgbe.txt">
      <Filter>glb\thirdparty\rgbe</Filter>
    </Text>
  </ItemGroup>
</Project>