
Microsoft Visual Studio Solution File, Format Version 12.00
# Visual Studio 2012
Project("{8BC9CEB8-8B4A-11D0-8D11-00A0C91BC942}") = "glb_editor", "glb_editor\glb_editor.vcxproj", "{8A10B7FE-ED76-4F59-995D-FFE61F2FE292}"
EndProject
Project("{8BC9CEB8-8B4A-11D0-8D11-00A0C91BC942}") = "glb_shadowmap", "glb_shadowmap\glb_shadowmap.vcxproj", "{9705D998-B325-44E4-9F21-A84A69D5B91A}"
EndProject
Project("{8BC9CEB8-8B4A-11D0-8D11-00A0C91BC942}") = "glb_hdr", "glb_hdr\glb_hdr.vcxproj", "{299C4407-9712-4EFC-B719-9E2BC47FD813}"
EndProject
Project("{8BC9CEB8-8B4A-11D0-8D11-00A0C91BC942}") = "glb_ssao", "glb_ssao\glb_ssao.vcxproj", "{DBB28A77-E189-417F-8FAC-85D7DCB090C1}"
EndProject
Project("{8BC9CEB8-8B4A-11D0-8D11-00A0C91BC942}") = "glb_normalmap", "glb_normalmap\glb_normalmap.vcxproj", "{4564E98D-36C0-4F4C-B36F-39F49E26ED95}"
EndProject
Project("{8BC9CEB8-8B4A-11D0-8D11-00A0C91BC942}") = "glb_tbn_gen", "glb_tbn_gen\glb_tbn_gen.vcxproj", "{01C08B1F-E1B9-4A2A-A37A-92DD9B936FE6}"
EndProject
Project("{8BC9CEB8-8B4A-11D0-8D11-00A0C91BC942}") = "glb_application", "glb_application\glb_application.vcxproj", "{ED319EEF-30DB-4D04-A386-980E2FD0DC0F}"
EndProject
Global
	GlobalSection(SolutionConfigurationPlatforms) = preSolution
		Debug_DX|Win32 = Debug_DX|Win32
		Debug_GL|Win32 = Debug_GL|Win32
		Release_DX|Win32 = Release_DX|Win32
		Release_GL|Win32 = Release_GL|Win32
	EndGlobalSection
	GlobalSection(ProjectConfigurationPlatforms) = postSolution
		{8A10B7FE-ED76-4F59-995D-FFE61F2FE292}.Debug_DX|Win32.ActiveCfg = Debug_DX|Win32
		{8A10B7FE-ED76-4F59-995D-FFE61F2FE292}.Debug_DX|Win32.Build.0 = Debug_DX|Win32
		{8A10B7FE-ED76-4F59-995D-FFE61F2FE292}.Debug_GL|Win32.ActiveCfg = Debug_GL|Win32
		{8A10B7FE-ED76-4F59-995D-FFE61F2FE292}.Debug_GL|Win32.Build.0 = Debug_GL|Win32
		{8A10B7FE-ED76-4F59-995D-FFE61F2FE292}.Release_DX|Win32.ActiveCfg = Release_DX|Win32
		{8A10B7FE-ED76-4F59-995D-FFE61F2FE292}.Release_DX|Win32.Build.0 = Release_DX|Win32
		{8A10B7FE-ED76-4F59-995D-FFE61F2FE292}.Release_GL|Win32.ActiveCfg = Release_GL|Win32
		{8A10B7FE-ED76-4F59-995D-FFE61F2FE292}.Release_GL|Win32.Build.0 = Release_GL|Win32
		{9705D998-B325-44E4-9F21-A84A69D5B91A}.Debug_DX|Win32.ActiveCfg = Debug_DX|Win32
		{9705D998-B325-44E4-9F21-A84A69D5B91A}.Debug_DX|Win32.Build.0 = Debug_DX|Win32
		{9705D998-B325-44E4-9F21-A84A69D5B91A}.Debug_GL|Win32.ActiveCfg = Debug_GL|Win32
		{9705D998-B325-44E4-9F21-A84A69D5B91A}.Debug_GL|Win32.Build.0 = Debug_GL|Win32
		{9705D998-B325-44E4-9F21-A84A69D5B91A}.Release_DX|Win32.ActiveCfg = Release_DX|Win32
		{9705D998-B325-44E4-9F21-A84A69D5B91A}.Release_DX|Win32.Build.0 = Release_DX|Win32
		{9705D998-B325-44E4-9F21-A84A69D5B91A}.Release_GL|Win32.ActiveCfg = Release_GL|Win32
		{9705D998-B325-44E4-9F21-A84A69D5B91A}.Release_GL|Win32.Build.0 = Release_GL|Win32
		{299C4407-9712-4EFC-B719-9E2BC47FD813}.Debug_DX|Win32.ActiveCfg = Debug_DX|Win32
		{299C4407-9712-4EFC-B719-9E2BC47FD813}.Debug_DX|Win32.Build.0 = Debug_DX|Win32
		{299C4407-9712-4EFC-B719-9E2BC47FD813}.Debug_GL|Win32.ActiveCfg = Debug_GL|Win32
		{299C4407-9712-4EFC-B719-9E2BC47FD813}.Debug_GL|Win32.Build.0 = Debug_GL|Win32
		{299C4407-9712-4EFC-B719-9E2BC47FD813}.Release_DX|Win32.ActiveCfg = Release_DX|Win32
		{299C4407-9712-4EFC-B719-9E2BC47FD813}.Release_DX|Win32.Build.0 = Release_DX|Win32
		{299C4407-9712-4EFC-B719-9E2BC47FD813}.Release_GL|Win32.ActiveCfg = Release_GL|Win32
		{299C4407-9712-4EFC-B719-9E2BC47FD813}.Release_GL|Win32.Build.0 = Release_GL|Win32
		{DBB28A77-E189-417F-8FAC-85D7DCB090C1}.Debug_DX|Win32.ActiveCfg = Debug_DX|Win32
		{DBB28A77-E189-417F-8FAC-85D7DCB090C1}.Debug_DX|Win32.Build.0 = Debug_DX|Win32
		{DBB28A77-E189-417F-8FAC-85D7DCB090C1}.Debug_GL|Win32.ActiveCfg = Debug_GL|Win32
		{DBB28A77-E189-417F-8FAC-85D7DCB090C1}.Debug_GL|Win32.Build.0 = Debug_GL|Win32
		{DBB28A77-E189-417F-8FAC-85D7DCB090C1}.Release_DX|Win32.ActiveCfg = Release_DX|Win32
		{DBB28A77-E189-417F-8FAC-85D7DCB090C1}.Release_DX|Win32.Build.0 = Release_DX|Win32
		{DBB28A77-E189-417F-8FAC-85D7DCB090C1}.Release_GL|Win32.ActiveCfg = Release_GL|Win32
		{DBB28A77-E189-417F-8FAC-85D7DCB090C1}.Release_GL|Win32.Build.0 = Release_GL|Win32
		{4564E98D-36C0-4F4C-B36F-39F49E26ED95}.Debug_DX|Win32.ActiveCfg = Debug_DX|Win32
		{4564E98D-36C0-4F4C-B36F-39F49E26ED95}.Debug_DX|Win32.Build.0 = Debug_DX|Win32
		{4564E98D-36C0-4F4C-B36F-39F49E26ED95}.Debug_GL|Win32.ActiveCfg = Debug_GL|Win32
		{4564E98D-36C0-4F4C-B36F-39F49E26ED95}.Debug_GL|Win32.Build.0 = Debug_GL|Win32
		{4564E98D-36C0-4F4C-B36F-39F49E26ED95}.Release_DX|Win32.ActiveCfg = Release_DX|Win32
		{4564E98D-36C0-4F4C-B36F-39F49E26ED95}.Release_DX|Win32.Build.0 = Release_DX|Win32
		{4564E98D-36C0-4F4C-B36F-39F49E26ED95}.Release_GL|Win32.ActiveCfg = Release_GL|Win32
		{4564E98D-36C0-4F4C-B36F-39F49E26ED95}.Release_GL|Win32.Build.0 = Release_GL|Win32
		{01C08B1F-E1B9-4A2A-A37A-92DD9B936FE6}.Debug_DX|Win32.ActiveCfg = Debug_DX|Win32
		{01C08B1F-E1B9-4A2A-A37A-92DD9B936FE6}.Debug_DX|Win32.Build.0 = Debug_DX|Win32
		{01C08B1F-E1B9-4A2A-A37A-92DD9B936FE6}.Debug_GL|Win32.ActiveCfg = Debug_GL|Win32
		{01C08B1F-E1B9-4A2A-A37A-92DD9B936FE6}.Debug_GL|Win32.Build.0 = Debug_GL|Win32
		{01C08B1F-E1B9-4A2A-A37A-92DD9B936FE6}.Release_DX|Win32.ActiveCfg = Release_DX|Win32
		{01C08B1F-E1B9-4A2A-A37A-92DD9B936FE6}.Release_DX|Win32.Build.0 = Release_DX|Win32
		{01C08B1F-E1B9-4A2A-A37A-92DD9B936FE6}.Release_GL|Win32.ActiveCfg = Release_GL|Win32
		{01C08B1F-E1B9-4A2A-A37A-92DD9B936FE6}.Release_GL|Win32.Build.0 = Release_GL|Win32
		{ED319EEF-30DB-4D04-A386-980E2FD0DC0F}.Debug_DX|Win32.ActiveCfg = Debug_DX|Win32
		{ED319EEF-30DB-4D04-A386-980E2FD0DC0F}.Debug_DX|Win32.Build.0 = Debug_DX|Win32
		{ED319EEF-30DB-4D04-A386-980E2FD0DC0F}.Debug_GL|Win32.ActiveCfg = Debug_GL|Win32
		{ED319EEF-30DB-4D04-A386-980E2FD0DC0F}.Debug_GL|Win32.Build.0 = Debug_GL|Win32
		{ED319EEF-30DB-4D04-A386-980E2FD0DC0F}.Release_DX|Win32.ActiveCfg = Release_DX|Win32
		{ED319EEF-30DB-4D04-A386-980E2FD0DC0F}.Release_DX|Win32.Build.0 = Release_DX|Win32
		{ED319EEF-30DB-4D04-A386-980E2FD0DC0F}.Release_GL|Win32.ActiveCfg = Release_GL|Win32
		{ED319EEF-30DB-4D04-A386-980E2FD0DC0F}.Release_GL|Win32.Build.0 = Release_GL|Win32
	EndGlobalSection
	GlobalSection(SolutionProperties) = preSolution
		HideSolutionNode = FALSE
	EndGlobalSection
EndGlobal
